# THIS IS AN AUTOGENERATED FILE. DO NOT EDIT THIS FILE DIRECTLY.
# yarn lockfile v1


"@openzeppelin/contracts-upgradeable@^4.8.3":
  version "4.8.3"
  resolved "https://registry.yarnpkg.com/@openzeppelin/contracts-upgradeable/-/contracts-upgradeable-4.8.3.tgz#6b076a7b751811b90fe3a172a7faeaa603e13a3f"
  integrity sha512-SXDRl7HKpl2WDoJpn7CK/M9U4Z8gNXDHHChAKh0Iz+Wew3wu6CmFYBeie3je8V0GSXZAIYYwUktSrnW/kwVPtg==

"@openzeppelin/contracts@^4.8.2":
  version "4.8.2"
  resolved "https://registry.yarnpkg.com/@openzeppelin/contracts/-/contracts-4.8.2.tgz#d815ade0027b50beb9bcca67143c6bcc3e3923d6"
  integrity sha512-kEUOgPQszC0fSYWpbh2kT94ltOJwj1qfT2DWo+zVttmGmf97JZ99LspePNaeeaLhCImaHVeBbjaQFZQn7+Zc5g==
